
Microsoft Visual Studio Solution File, Format Version 12.00
# Visual Studio Version 17
VisualStudioVersion = 17.5.002.0
MinimumVisualStudioVersion = 10.0.40219.1
Project("{9A19103F-16F7-4668-BE54-9A1E7A4F7556}") = "Domaci1MiddleIfBranch", "Domaci1MiddleIfBranch\Domaci1MiddleIfBranch.csproj", "{AC996273-DF75-49F8-983B-483CADE7A3A7}"
EndProject
Global
	GlobalSection(SolutionConfigurationPlatforms) = preSolution
		Debug|Any CPU = Debug|Any CPU
		Release|Any CPU = Release|Any CPU
	EndGlobalSection
	GlobalSection(ProjectConfigurationPlatforms) = postSolution
		{AC996273-DF75-49F8-983B-483CADE7A3A7}.Debug|Any CPU.ActiveCfg = Debug|Any CPU
		{AC996273-DF75-49F8-983B-483CADE7A3A7}.Debug|Any CPU.Build.0 = Debug|Any CPU
		{AC996273-DF75-49F8-983B-483CADE7A3A7}.Release|Any CPU.ActiveCfg = Release|Any CPU
		{AC996273-DF75-49F8-983B-483CADE7A3A7}.Release|Any CPU.Build.0 = Release|Any CPU
	EndGlobalSection
	GlobalSection(SolutionProperties) = preSolution
		HideSolutionNode = FALSE
	EndGlobalSection
	GlobalSection(ExtensibilityGlobals) = postSolution
		SolutionGuid = {4AA6AE9C-1586-48D7-9768-DEE77853F0FF}
	EndGlobalSection
EndGlobal
